Microsoft Visual Studio Solution File, Format Version 12.00
# Visual Studio Version 17
VisualStudioVersion = 17.5.2.0
MinimumVisualStudioVersion = 10.0.40219.1
Project("{2150E333-8FDC-42A3-9474-1A3956D46DE8}") = "mock-projects", "mock-projects", "{6C52009F-9050-55BF-393D-4BAFB9F124CA}"
EndProject
Project("{FAE04EC0-301F-11D3-BF4B-00C04F79EFBC}") = "dotnet-api", "mock-projects\dotnet-api\dotnet-api.csproj", "{92045718-1B74-C630-757D-93AFB0545506}"
EndProject
Global
	GlobalSection(SolutionConfigurationPlatforms) = preSolution
		Debug|Any CPU = Debug|Any CPU
		Release|Any CPU = Release|Any CPU
	EndGlobalSection
	GlobalSection(ProjectConfigurationPlatforms) = postSolution
		{92045718-1B74-C630-757D-93AFB0545506}.Debug|Any CPU.ActiveCfg = Debug|Any CPU
		{92045718-1B74-C630-757D-93AFB0545506}.Debug|Any CPU.Build.0 = Debug|Any CPU
		{92045718-1B74-C630-757D-93AFB0545506}.Release|Any CPU.ActiveCfg = Release|Any CPU
		{92045718-1B74-C630-757D-93AFB0545506}.Release|Any CPU.Build.0 = Release|Any CPU
	EndGlobalSection
	GlobalSection(SolutionProperties) = preSolution
		HideSolutionNode = FALSE
	EndGlobalSection
	GlobalSection(NestedProjects) = preSolution
		{92045718-1B74-C630-757D-93AFB0545506} = {6C52009F-9050-55BF-393D-4BAFB9F124CA}
	EndGlobalSection
	GlobalSection(ExtensibilityGlobals) = postSolution
		SolutionGuid = {C31FF3E6-C399-4340-86DC-19B85B19090D}
	EndGlobalSection
EndGlobal
